// !$*UTF8*$!
{
	archiveVersion = 1;
	classes = {
	};
	objectVersion = 46;
	objects = {

/* Begin PBXBuildFile section */
		0F100FE71ECEE5D2007641C0 /* FlowerDetailController.swift in Sources */ = {isa = PBXBuildFile; fileRef = 0F100FE61ECEE5D2007641C0 /* FlowerDetailController.swift */; };
		0F9353311EC9A2AA009F561F /* AppDelegate.swift in Sources */ = {isa = PBXBuildFile; fileRef = 0F9353301EC9A2AA009F561F /* AppDelegate.swift */; };
		0F9353361EC9A2AA009F561F /* Main.storyboard in Resources */ = {isa = PBXBuildFile; fileRef = 0F9353341EC9A2AA009F561F /* Main.storyboard */; };
		0F9353381EC9A2AA009F561F /* Assets.xcassets in Resources */ = {isa = PBXBuildFile; fileRef = 0F9353371EC9A2AA009F561F /* Assets.xcassets */; };
		0F93533B1EC9A2AA009F561F /* LaunchScreen.storyboard in Resources */ = {isa = PBXBuildFile; fileRef = 0F9353391EC9A2AA009F561F /* LaunchScreen.storyboard */; };
		0F9353461EC9A2AB009F561F /* FlowerCollectorTests.swift in Sources */ = {isa = PBXBuildFile; fileRef = 0F9353451EC9A2AB009F561F /* FlowerCollectorTests.swift */; };
		0F9353511EC9A2AB009F561F /* FlowerCollectorUITests.swift in Sources */ = {isa = PBXBuildFile; fileRef = 0F9353501EC9A2AB009F561F /* FlowerCollectorUITests.swift */; };
		0F9353611EC9A392009F561F /* FlowerListController.swift in Sources */ = {isa = PBXBuildFile; fileRef = 0F9353601EC9A392009F561F /* FlowerListController.swift */; };
		0F9353641EC9A480009F561F /* FlowerListCell.swift in Sources */ = {isa = PBXBuildFile; fileRef = 0F9353631EC9A480009F561F /* FlowerListCell.swift */; };
		0F9353671EC9A6CC009F561F /* FlowerListFlowLayout.swift in Sources */ = {isa = PBXBuildFile; fileRef = 0F9353661EC9A6CC009F561F /* FlowerListFlowLayout.swift */; };
		0F93536F1ECA9DF3009F561F /* Flowers.swift in Sources */ = {isa = PBXBuildFile; fileRef = 0F93536E1ECA9DF3009F561F /* Flowers.swift */; };
		0F9353711ECA9E76009F561F /* Flower_Data.plist in Resources */ = {isa = PBXBuildFile; fileRef = 0F9353701ECA9E76009F561F /* Flower_Data.plist */; };
		0F9353741ECE8B54009F561F /* FlowerCollectionViewAnimator.swift in Sources */ = {isa = PBXBuildFile; fileRef = 0F9353731ECE8B54009F561F /* FlowerCollectionViewAnimator.swift */; };
		0F9353761ECE8BE1009F561F /* FlowerInfosController.swift in Sources */ = {isa = PBXBuildFile; fileRef = 0F9353751ECE8BE1009F561F /* FlowerInfosController.swift */; };
		0F9353781ECE8C0D009F561F /* FlowerInfosCell.swift in Sources */ = {isa = PBXBuildFile; fileRef = 0F9353771ECE8C0D009F561F /* FlowerInfosCell.swift */; };
		0F93537A1ECE8D20009F561F /* NavigationControllerDelegate.swift in Sources */ = {isa = PBXBuildFile; fileRef = 0F9353791ECE8D20009F561F /* NavigationControllerDelegate.swift */; };
		0F9353801ECEBE22009F561F /* FlowerInfosSectionHeader.swift in Sources */ = {isa = PBXBuildFile; fileRef = 0F93537F1ECEBE22009F561F /* FlowerInfosSectionHeader.swift */; };
		0F9353821ECEBF4C009F561F /* FlowerInfosFlowLayout.swift in Sources */ = {isa = PBXBuildFile; fileRef = 0F9353811ECEBF4C009F561F /* FlowerInfosFlowLayout.swift */; };
/* End PBXBuildFile section */

/* Begin PBXContainerItemProxy section */
		0F9353421EC9A2AB009F561F /* PBXContainerItemProxy */ = {
			isa = PBXContainerItemProxy;
			containerPortal = 0F9353251EC9A2AA009F561F /* Project object */;
			proxyType = 1;
			remoteGlobalIDString = 0F93532C1EC9A2AA009F561F;
			remoteInfo = FlowerCollector;
		};
		0F93534D1EC9A2AB009F561F /* PBXContainerItemProxy */ = {
			isa = PBXContainerItemProxy;
			containerPortal = 0F9353251EC9A2AA009F561F /* Project object */;
			proxyType = 1;
			remoteGlobalIDString = 0F93532C1EC9A2AA009F561F;
			remoteInfo = FlowerCollector;
		};
/* End PBXContainerItemProxy section */

/* Begin PBXFileReference section */
		0F100FE61ECEE5D2007641C0 /* FlowerDetailController.swift */ = {isa = PBXFileReference; fileEncoding = 4; lastKnownFileType = sourcecode.swift; path = FlowerDetailController.swift; sourceTree = "<group>"; };
		0F93532D1EC9A2AA009F561F /* FlowerCollector.app */ = {isa = PBXFileReference; explicitFileType = wrapper.application; includeInIndex = 0; path = FlowerCollector.app; sourceTree = BUILT_PRODUCTS_DIR; };
		0F9353301EC9A2AA009F561F /* AppDelegate.swift */ = {isa = PBXFileReference; lastKnownFileType = sourcecode.swift; path = AppDelegate.swift; sourceTree = "<group>"; };
		0F9353351EC9A2AA009F561F /* Base */ = {isa = PBXFileReference; lastKnownFileType = file.storyboard; name = Base; path = Base.lproj/Main.storyboard; sourceTree = "<group>"; };
		0F9353371EC9A2AA009F561F /* Assets.xcassets */ = {isa = PBXFileReference; lastKnownFileType = folder.assetcatalog; path = Assets.xcassets; sourceTree = "<group>"; };
		0F93533A1EC9A2AA009F561F /* Base */ = {isa = PBXFileReference; lastKnownFileType = file.storyboard; name = Base; path = Base.lproj/LaunchScreen.storyboard; sourceTree = "<group>"; };
		0F93533C1EC9A2AA009F561F /* Info.plist */ = {isa = PBXFileReference; lastKnownFileType = text.plist.xml; path = Info.plist; sourceTree = "<group>"; };
		0F9353411EC9A2AB009F561F /* FlowerCollectorTests.xctest */ = {isa = PBXFileReference; explicitFileType = wrapper.cfbundle; includeInIndex = 0; path = FlowerCollectorTests.xctest; sourceTree = BUILT_PRODUCTS_DIR; };
		0F9353451EC9A2AB009F561F /* FlowerCollectorTests.swift */ = {isa = PBXFileReference; lastKnownFileType = sourcecode.swift; path = FlowerCollectorTests.swift; sourceTree = "<group>"; };
		0F9353471EC9A2AB009F561F /* Info.plist */ = {isa = PBXFileReference; lastKnownFileType = text.plist.xml; path = Info.plist; sourceTree = "<group>"; };
		0F93534C1EC9A2AB009F561F /* FlowerCollectorUITests.xctest */ = {isa = PBXFileReference; explicitFileType = wrapper.cfbundle; includeInIndex = 0; path = FlowerCollectorUITests.xctest; sourceTree = BUILT_PRODUCTS_DIR; };
		0F9353501EC9A2AB009F561F /* FlowerCollectorUITests.swift */ = {isa = PBXFileReference; lastKnownFileType = sourcecode.swift; path = FlowerCollectorUITests.swift; sourceTree = "<group>"; };
		0F9353521EC9A2AB009F561F /* Info.plist */ = {isa = PBXFileReference; lastKnownFileType = text.plist.xml; path = Info.plist; sourceTree = "<group>"; };
		0F9353601EC9A392009F561F /* FlowerListController.swift */ = {isa = PBXFileReference; fileEncoding = 4; lastKnownFileType = sourcecode.swift; name = FlowerListController.swift; path = ../FlowerListController.swift; sourceTree = "<group>"; };
		0F9353631EC9A480009F561F /* FlowerListCell.swift */ = {isa = PBXFileReference; fileEncoding = 4; lastKnownFileType = sourcecode.swift; path = FlowerListCell.swift; sourceTree = "<group>"; };
		0F9353661EC9A6CC009F561F /* FlowerListFlowLayout.swift */ = {isa = PBXFileReference; fileEncoding = 4; lastKnownFileType = sourcecode.swift; path = FlowerListFlowLayout.swift; sourceTree = "<group>"; };
		0F93536E1ECA9DF3009F561F /* Flowers.swift */ = {isa = PBXFileReference; fileEncoding = 4; lastKnownFileType = sourcecode.swift; path = Flowers.swift; sourceTree = "<group>"; };
		0F9353701ECA9E76009F561F /* Flower_Data.plist */ = {isa = PBXFileReference; fileEncoding = 4; lastKnownFileType = text.plist.xml; path = Flower_Data.plist; sourceTree = "<group>"; };
		0F9353731ECE8B54009F561F /* FlowerCollectionViewAnimator.swift */ = {isa = PBXFileReference; fileEncoding = 4; lastKnownFileType = sourcecode.swift; path = FlowerCollectionViewAnimator.swift; sourceTree = "<group>"; };
		0F9353751ECE8BE1009F561F /* FlowerInfosController.swift */ = {isa = PBXFileReference; fileEncoding = 4; lastKnownFileType = sourcecode.swift; path = FlowerInfosController.swift; sourceTree = "<group>"; };
		0F9353771ECE8C0D009F561F /* FlowerInfosCell.swift */ = {isa = PBXFileReference; fileEncoding = 4; lastKnownFileType = sourcecode.swift; path = FlowerInfosCell.swift; sourceTree = "<group>"; };
		0F9353791ECE8D20009F561F /* NavigationControllerDelegate.swift */ = {isa = PBXFileReference; fileEncoding = 4; lastKnownFileType = sourcecode.swift; path = NavigationControllerDelegate.swift; sourceTree = "<group>"; };
		0F93537F1ECEBE22009F561F /* FlowerInfosSectionHeader.swift */ = {isa = PBXFileReference; fileEncoding = 4; lastKnownFileType = sourcecode.swift; path = FlowerInfosSectionHeader.swift; sourceTree = "<group>"; };
		0F9353811ECEBF4C009F561F /* FlowerInfosFlowLayout.swift */ = {isa = PBXFileReference; fileEncoding = 4; lastKnownFileType = sourcecode.swift; path = FlowerInfosFlowLayout.swift; sourceTree = "<group>"; };
/* End PBXFileReference section */

/* Begin PBXFrameworksBuildPhase section */
		0F93532A1EC9A2AA009F561F /* Frameworks */ = {
			isa = PBXFrameworksBuildPhase;
			buildActionMask = 2147483647;
			files = (
			);
			runOnlyForDeploymentPostprocessing = 0;
		};
		0F93533E1EC9A2AB009F561F /* Frameworks */ = {
			isa = PBXFrameworksBuildPhase;
			buildActionMask = 2147483647;
			files = (
			);
			runOnlyForDeploymentPostprocessing = 0;
		};
		0F9353491EC9A2AB009F561F /* Frameworks */ = {
			isa = PBXFrameworksBuildPhase;
			buildActionMask = 2147483647;
			files = (
			);
			runOnlyForDeploymentPostprocessing = 0;
		};
/* End PBXFrameworksBuildPhase section */

/* Begin PBXGroup section */
		0F9353241EC9A2AA009F561F = {
			isa = PBXGroup;
			children = (
				0F93532F1EC9A2AA009F561F /* FlowerCollector */,
				0F9353441EC9A2AB009F561F /* FlowerCollectorTests */,
				0F93534F1EC9A2AB009F561F /* FlowerCollectorUITests */,
				0F93532E1EC9A2AA009F561F /* Products */,
			);
			sourceTree = "<group>";
		};
		0F93532E1EC9A2AA009F561F /* Products */ = {
			isa = PBXGroup;
			children = (
				0F93532D1EC9A2AA009F561F /* FlowerCollector.app */,
				0F9353411EC9A2AB009F561F /* FlowerCollectorTests.xctest */,
				0F93534C1EC9A2AB009F561F /* FlowerCollectorUITests.xctest */,
			);
			name = Products;
			sourceTree = "<group>";
		};
		0F93532F1EC9A2AA009F561F /* FlowerCollector */ = {
			isa = PBXGroup;
			children = (
				0F9353301EC9A2AA009F561F /* AppDelegate.swift */,
				0F9353721ECE8B36009F561F /* Animator */,
				0F9353681ECA9718009F561F /* Controllers */,
				0F9353651EC9A6B8009F561F /* Layouts */,
				0F9353621EC9A462009F561F /* Views */,
				0F93536D1ECA9DDB009F561F /* Data */,
				0F9353341EC9A2AA009F561F /* Main.storyboard */,
				0F9353371EC9A2AA009F561F /* Assets.xcassets */,
				0F9353391EC9A2AA009F561F /* LaunchScreen.storyboard */,
				0F93533C1EC9A2AA009F561F /* Info.plist */,
			);
			path = FlowerCollector;
			sourceTree = "<group>";
		};
		0F9353441EC9A2AB009F561F /* FlowerCollectorTests */ = {
			isa = PBXGroup;
			children = (
				0F9353451EC9A2AB009F561F /* FlowerCollectorTests.swift */,
				0F9353471EC9A2AB009F561F /* Info.plist */,
			);
			path = FlowerCollectorTests;
			sourceTree = "<group>";
		};
		0F93534F1EC9A2AB009F561F /* FlowerCollectorUITests */ = {
			isa = PBXGroup;
			children = (
				0F9353501EC9A2AB009F561F /* FlowerCollectorUITests.swift */,
				0F9353521EC9A2AB009F561F /* Info.plist */,
			);
			path = FlowerCollectorUITests;
			sourceTree = "<group>";
		};
		0F9353621EC9A462009F561F /* Views */ = {
			isa = PBXGroup;
			children = (
				0F9353631EC9A480009F561F /* FlowerListCell.swift */,
				0F9353771ECE8C0D009F561F /* FlowerInfosCell.swift */,
				0F93537F1ECEBE22009F561F /* FlowerInfosSectionHeader.swift */,
			);
			path = Views;
			sourceTree = "<group>";
		};
		0F9353651EC9A6B8009F561F /* Layouts */ = {
			isa = PBXGroup;
			children = (
				0F9353661EC9A6CC009F561F /* FlowerListFlowLayout.swift */,
				0F9353811ECEBF4C009F561F /* FlowerInfosFlowLayout.swift */,
			);
			path = Layouts;
			sourceTree = "<group>";
		};
		0F9353681ECA9718009F561F /* Controllers */ = {
			isa = PBXGroup;
			children = (
				0F9353601EC9A392009F561F /* FlowerListController.swift */,
				0F9353751ECE8BE1009F561F /* FlowerInfosController.swift */,
				0F100FE61ECEE5D2007641C0 /* FlowerDetailController.swift */,
				0F9353791ECE8D20009F561F /* NavigationControllerDelegate.swift */,
			);
			path = Controllers;
			sourceTree = "<group>";
		};
		0F93536D1ECA9DDB009F561F /* Data */ = {
			isa = PBXGroup;
			children = (
				0F93536E1ECA9DF3009F561F /* Flowers.swift */,
				0F9353701ECA9E76009F561F /* Flower_Data.plist */,
			);
			path = Data;
			sourceTree = "<group>";
		};
		0F9353721ECE8B36009F561F /* Animator */ = {
			isa = PBXGroup;
			children = (
				0F9353731ECE8B54009F561F /* FlowerCollectionViewAnimator.swift */,
			);
			path = Animator;
			sourceTree = "<group>";
		};
/* End PBXGroup section */

/* Begin PBXNativeTarget section */
		0F93532C1EC9A2AA009F561F /* FlowerCollector */ = {
			isa = PBXNativeTarget;
			buildConfigurationList = 0F9353551EC9A2AB009F561F /* Build configuration list for PBXNativeTarget "FlowerCollector" */;
			buildPhases = (
				0F9353291EC9A2AA009F561F /* Sources */,
				0F93532A1EC9A2AA009F561F /* Frameworks */,
				0F93532B1EC9A2AA009F561F /* Resources */,
			);
			buildRules = (
			);
			dependencies = (
			);
			name = FlowerCollector;
			productName = FlowerCollector;
			productReference = 0F93532D1EC9A2AA009F561F /* FlowerCollector.app */;
			productType = "com.apple.product-type.application";
		};
		0F9353401EC9A2AB009F561F /* FlowerCollectorTests */ = {
			isa = PBXNativeTarget;
			buildConfigurationList = 0F9353581EC9A2AB009F561F /* Build configuration list for PBXNativeTarget "FlowerCollectorTests" */;
			buildPhases = (
				0F93533D1EC9A2AB009F561F /* Sources */,
				0F93533E1EC9A2AB009F561F /* Frameworks */,
				0F93533F1EC9A2AB009F561F /* Resources */,
			);
			buildRules = (
			);
			dependencies = (
				0F9353431EC9A2AB009F561F /* PBXTargetDependency */,
			);
			name = FlowerCollectorTests;
			productName = FlowerCollectorTests;
			productReference = 0F9353411EC9A2AB009F561F /* FlowerCollectorTests.xctest */;
			productType = "com.apple.product-type.bundle.unit-test";
		};
		0F93534B1EC9A2AB009F561F /* FlowerCollectorUITests */ = {
			isa = PBXNativeTarget;
			buildConfigurationList = 0F93535B1EC9A2AB009F561F /* Build configuration list for PBXNativeTarget "FlowerCollectorUITests" */;
			buildPhases = (
				0F9353481EC9A2AB009F561F /* Sources */,
				0F9353491EC9A2AB009F561F /* Frameworks */,
				0F93534A1EC9A2AB009F561F /* Resources */,
			);
			buildRules = (
			);
			dependencies = (
				0F93534E1EC9A2AB009F561F /* PBXTargetDependency */,
			);
			name = FlowerCollectorUITests;
			productName = FlowerCollectorUITests;
			productReference = 0F93534C1EC9A2AB009F561F /* FlowerCollectorUITests.xctest */;
			productType = "com.apple.product-type.bundle.ui-testing";
		};
/* End PBXNativeTarget section */

/* Begin PBXProject section */
		0F9353251EC9A2AA009F561F /* Project object */ = {
			isa = PBXProject;
			attributes = {
				LastSwiftUpdateCheck = 0820;
				LastUpgradeCheck = 0820;
				ORGANIZATIONNAME = magicmon;
				TargetAttributes = {
					0F93532C1EC9A2AA009F561F = {
						CreatedOnToolsVersion = 8.2.1;
						ProvisioningStyle = Automatic;
					};
					0F9353401EC9A2AB009F561F = {
						CreatedOnToolsVersion = 8.2.1;
						ProvisioningStyle = Automatic;
						TestTargetID = 0F93532C1EC9A2AA009F561F;
					};
					0F93534B1EC9A2AB009F561F = {
						CreatedOnToolsVersion = 8.2.1;
						ProvisioningStyle = Automatic;
						TestTargetID = 0F93532C1EC9A2AA009F561F;
					};
				};
			};
			buildConfigurationList = 0F9353281EC9A2AA009F561F /* Build configuration list for PBXProject "FlowerCollector" */;
			compatibilityVersion = "Xcode 3.2";
			developmentRegion = English;
			hasScannedForEncodings = 0;
			knownRegions = (
				en,
				Base,
			);
			mainGroup = 0F9353241EC9A2AA009F561F;
			productRefGroup = 0F93532E1EC9A2AA009F561F /* Products */;
			projectDirPath = "";
			projectRoot = "";
			targets = (
				0F93532C1EC9A2AA009F561F /* FlowerCollector */,
				0F9353401EC9A2AB009F561F /* FlowerCollectorTests */,
				0F93534B1EC9A2AB009F561F /* FlowerCollectorUITests */,
			);
		};
/* End PBXProject section */

/* Begin PBXResourcesBuildPhase section */
		0F93532B1EC9A2AA009F561F /* Resources */ = {
			isa = PBXResourcesBuildPhase;
			buildActionMask = 2147483647;
			files = (
				0F93533B1EC9A2AA009F561F /* LaunchScreen.storyboard in Resources */,
				0F9353381EC9A2AA009F561F /* Assets.xcassets in Resources */,
				0F9353361EC9A2AA009F561F /* Main.storyboard in Resources */,
				0F9353711ECA9E76009F561F /* Flower_Data.plist in Resources */,
			);
			runOnlyForDeploymentPostprocessing = 0;
		};
		0F93533F1EC9A2AB009F561F /* Resources */ = {
			isa = PBXResourcesBuildPhase;
			buildActionMask = 2147483647;
			files = (
			);
			runOnlyForDeploymentPostprocessing = 0;
		};
		0F93534A1EC9A2AB009F561F /* Resources */ = {
			isa = PBXResourcesBuildPhase;
			buildActionMask = 2147483647;
			files = (
			);
			runOnlyForDeploymentPostprocessing = 0;
		};
/* End PBXResourcesBuildPhase section */

/* Begin PBXSourcesBuildPhase section */
		0F9353291EC9A2AA009F561F /* Sources */ = {
			isa = PBXSourcesBuildPhase;
			buildActionMask = 2147483647;
			files = (
				0F93536F1ECA9DF3009F561F /* Flowers.swift in Sources */,
				0F9353801ECEBE22009F561F /* FlowerInfosSectionHeader.swift in Sources */,
				0F9353641EC9A480009F561F /* FlowerListCell.swift in Sources */,
				0F9353611EC9A392009F561F /* FlowerListController.swift in Sources */,
				0F9353671EC9A6CC009F561F /* FlowerListFlowLayout.swift in Sources */,
				0F93537A1ECE8D20009F561F /* NavigationControllerDelegate.swift in Sources */,
				0F9353761ECE8BE1009F561F /* FlowerInfosController.swift in Sources */,
				0F9353821ECEBF4C009F561F /* FlowerInfosFlowLayout.swift in Sources */,
				0F9353311EC9A2AA009F561F /* AppDelegate.swift in Sources */,
				0F100FE71ECEE5D2007641C0 /* FlowerDetailController.swift in Sources */,
				0F9353781ECE8C0D009F561F /* FlowerInfosCell.swift in Sources */,
				0F9353741ECE8B54009F561F /* FlowerCollectionViewAnimator.swift in Sources */,
			);
			runOnlyForDeploymentPostprocessing = 0;
		};
		0F93533D1EC9A2AB009F561F /* Sources */ = {
			isa = PBXSourcesBuildPhase;
			buildActionMask = 2147483647;
			files = (
				0F9353461EC9A2AB009F561F /* FlowerCollectorTests.swift in Sources */,
			);
			runOnlyForDeploymentPostprocessing = 0;
		};
		0F9353481EC9A2AB009F561F /* Sources */ = {
			isa = PBXSourcesBuildPhase;
			buildActionMask = 2147483647;
			files = (
				0F9353511EC9A2AB009F561F /* FlowerCollectorUITests.swift in Sources */,
			);
			runOnlyForDeploymentPostprocessing = 0;
		};
/* End PBXSourcesBuildPhase section */

/* Begin PBXTargetDependency section */
		0F9353431EC9A2AB009F561F /* PBXTargetDependency */ = {
			isa = PBXTargetDependency;
			target = 0F93532C1EC9A2AA009F561F /* FlowerCollector */;
			targetProxy = 0F9353421EC9A2AB009F561F /* PBXContainerItemProxy */;
		};
		0F93534E1EC9A2AB009F561F /* PBXTargetDependency */ = {
			isa = PBXTargetDependency;
			target = 0F93532C1EC9A2AA009F561F /* FlowerCollector */;
			targetProxy = 0F93534D1EC9A2AB009F561F /* PBXContainerItemProxy */;
		};
/* End PBXTargetDependency section */

/* Begin PBXVariantGroup section */
		0F9353341EC9A2AA009F561F /* Main.storyboard */ = {
			isa = PBXVariantGroup;
			children = (
				0F9353351EC9A2AA009F561F /* Base */,
			);
			name = Main.storyboard;
			sourceTree = "<group>";
		};
		0F9353391EC9A2AA009F561F /* LaunchScreen.storyboard */ = {
			isa = PBXVariantGroup;
			children = (
				0F93533A1EC9A2AA009F561F /* Base */,
			);
			name = LaunchScreen.storyboard;
			sourceTree = "<group>";
		};
/* End PBXVariantGroup section */

/* Begin XCBuildConfiguration section */
		0F9353531EC9A2AB009F561F /* Debug */ = {
			isa = XCBuildConfiguration;
			buildSettings = {
				ALWAYS_SEARCH_USER_PATHS = NO;
				CLANG_ANALYZER_NONNULL = YES;
				CLANG_CXX_LANGUAGE_STANDARD = "gnu++0x";
				CLANG_CXX_LIBRARY = "libc++";
				CLANG_ENABLE_MODULES = YES;
				CLANG_ENABLE_OBJC_ARC = YES;
				CLANG_WARN_BOOL_CONVERSION = YES;
				CLANG_WARN_CONSTANT_CONVERSION = YES;
				CLANG_WARN_DIRECT_OBJC_ISA_USAGE = YES_ERROR;
				CLANG_WARN_DOCUMENTATION_COMMENTS = YES;
				CLANG_WARN_EMPTY_BODY = YES;
				CLANG_WARN_ENUM_CONVERSION = YES;
				CLANG_WARN_INFINITE_RECURSION = YES;
				CLANG_WARN_INT_CONVERSION = YES;
				CLANG_WARN_OBJC_ROOT_CLASS = YES_ERROR;
				CLANG_WARN_SUSPICIOUS_MOVE = YES;
				CLANG_WARN_UNREACHABLE_CODE = YES;
				CLANG_WARN__DUPLICATE_METHOD_MATCH = YES;
				"CODE_SIGN_IDENTITY[sdk=iphoneos*]" = "iPhone Developer";
				COPY_PHASE_STRIP = NO;
				DEBUG_INFORMATION_FORMAT = dwarf;
				ENABLE_STRICT_OBJC_MSGSEND = YES;
				ENABLE_TESTABILITY = YES;
				GCC_C_LANGUAGE_STANDARD = gnu99;
				GCC_DYNAMIC_NO_PIC = NO;
				GCC_NO_COMMON_BLOCKS = YES;
				GCC_OPTIMIZATION_LEVEL = 0;
				GCC_PREPROCESSOR_DEFINITIONS = (
					"DEBUG=1",
					"$(inherited)",
				);
				GCC_WARN_64_TO_32_BIT_CONVERSION = YES;
				GCC_WARN_ABOUT_RETURN_TYPE = YES_ERROR;
				GCC_WARN_UNDECLARED_SELECTOR = YES;
				GCC_WARN_UNINITIALIZED_AUTOS = YES_AGGRESSIVE;
				GCC_WARN_UNUSED_FUNCTION = YES;
				GCC_WARN_UNUSED_VARIABLE = YES;
				IPHONEOS_DEPLOYMENT_TARGET = 10.2;
				MTL_ENABLE_DEBUG_INFO = YES;
				ONLY_ACTIVE_ARCH = YES;
				SDKROOT = iphoneos;
				SWIFT_ACTIVE_COMPILATION_CONDITIONS = DEBUG;
				SWIFT_OPTIMIZATION_LEVEL = "-Onone";
				TARGETED_DEVICE_FAMILY = "1,2";
			};
			name = Debug;
		};
		0F9353541EC9A2AB009F561F /* Release */ = {
			isa = XCBuildConfiguration;
			buildSettings = {
				ALWAYS_SEARCH_USER_PATHS = NO;
				CLANG_ANALYZER_NONNULL = YES;
				CLANG_CXX_LANGUAGE_STANDARD = "gnu++0x";
				CLANG_CXX_LIBRARY = "libc++";
				CLANG_ENABLE_MODULES = YES;
				CLANG_ENABLE_OBJC_ARC = YES;
				CLANG_WARN_BOOL_CONVERSION = YES;
				CLANG_WARN_CONSTANT_CONVERSION = YES;
				CLANG_WARN_DIRECT_OBJC_ISA_USAGE = YES_ERROR;
				CLANG_WARN_DOCUMENTATION_COMMENTS = YES;
				CLANG_WARN_EMPTY_BODY = YES;
				CLANG_WARN_ENUM_CONVERSION = YES;
				CLANG_WARN_INFINITE_RECURSION = YES;
				CLANG_WARN_INT_CONVERSION = YES;
				CLANG_WARN_OBJC_ROOT_CLASS = YES_ERROR;
				CLANG_WARN_SUSPICIOUS_MOVE = YES;
				CLANG_WARN_UNREACHABLE_CODE = YES;
				CLANG_WARN__DUPLICATE_METHOD_MATCH = YES;
				"CODE_SIGN_IDENTITY[sdk=iphoneos*]" = "iPhone Developer";
				COPY_PHASE_STRIP = NO;
				DEBUG_INFORMATION_FORMAT = "dwarf-with-dsym";
				ENABLE_NS_ASSERTIONS = NO;
				ENABLE_STRICT_OBJC_MSGSEND = YES;
				GCC_C_LANGUAGE_STANDARD = gnu99;
				GCC_NO_COMMON_BLOCKS = YES;
				GCC_WARN_64_TO_32_BIT_CONVERSION = YES;
				GCC_WARN_ABOUT_RETURN_TYPE = YES_ERROR;
				GCC_WARN_UNDECLARED_SELECTOR = YES;
				GCC_WARN_UNINITIALIZED_AUTOS = YES_AGGRESSIVE;
				GCC_WARN_UNUSED_FUNCTION = YES;
				GCC_WARN_UNUSED_VARIABLE = YES;
				IPHONEOS_DEPLOYMENT_TARGET = 10.2;
				MTL_ENABLE_DEBUG_INFO = NO;
				SDKROOT = iphoneos;
				SWIFT_OPTIMIZATION_LEVEL = "-Owholemodule";
				TARGETED_DEVICE_FAMILY = "1,2";
				VALIDATE_PRODUCT = YES;
			};
			name = Release;
		};
		0F9353561EC9A2AB009F561F /* Debug */ = {
			isa = XCBuildConfiguration;
			buildSettings = {
				ASSETCATALOG_COMPILER_APPICON_NAME = AppIcon;
				INFOPLIST_FILE = FlowerCollector/Info.plist;
				LD_RUNPATH_SEARCH_PATHS = "$(inherited) @executable_path/Frameworks";
				PRODUCT_BUNDLE_IDENTIFIER = com.magicmon.FlowerCollector;
				PRODUCT_NAME = "$(TARGET_NAME)";
				SWIFT_VERSION = 3.0;
			};
			name = Debug;
		};
		0F9353571EC9A2AB009F561F /* Release */ = {
			isa = XCBuildConfiguration;
			buildSettings = {
				ASSETCATALOG_COMPILER_APPICON_NAME = AppIcon;
				INFOPLIST_FILE = FlowerCollector/Info.plist;
				LD_RUNPATH_SEARCH_PATHS = "$(inherited) @executable_path/Frameworks";
				PRODUCT_BUNDLE_IDENTIFIER = com.magicmon.FlowerCollector;
				PRODUCT_NAME = "$(TARGET_NAME)";
				SWIFT_VERSION = 3.0;
			};
			name = Release;
		};
		0F9353591EC9A2AB009F561F /* Debug */ = {
			isa = XCBuildConfiguration;
			buildSettings = {
				ALWAYS_EMBED_SWIFT_STANDARD_LIBRARIES = YES;
				BUNDLE_LOADER = "$(TEST_HOST)";
				INFOPLIST_FILE = FlowerCollectorTests/Info.plist;
				LD_RUNPATH_SEARCH_PATHS = "$(inherited) @executable_path/Frameworks @loader_path/Frameworks";
				PRODUCT_BUNDLE_IDENTIFIER = com.magicmon.FlowerCollectorTests;
				PRODUCT_NAME = "$(TARGET_NAME)";
				SWIFT_VERSION = 3.0;
				TEST_HOST = "$(BUILT_PRODUCTS_DIR)/FlowerCollector.app/FlowerCollector";
			};
			name = Debug;
		};
		0F93535A1EC9A2AB009F561F /* Release */ = {
			isa = XCBuildConfiguration;
			buildSettings = {
				ALWAYS_EMBED_SWIFT_STANDARD_LIBRARIES = YES;
				BUNDLE_LOADER = "$(TEST_HOST)";
				INFOPLIST_FILE = FlowerCollectorTests/Info.plist;
				LD_RUNPATH_SEARCH_PATHS = "$(inherited) @executable_path/Frameworks @loader_path/Frameworks";
				PRODUCT_BUNDLE_IDENTIFIER = com.magicmon.FlowerCollectorTests;
				PRODUCT_NAME = "$(TARGET_NAME)";
				SWIFT_VERSION = 3.0;
				TEST_HOST = "$(BUILT_PRODUCTS_DIR)/FlowerCollector.app/FlowerCollector";
			};
			name = Release;
		};
		0F93535C1EC9A2AB009F561F /* Debug */ = {
			isa = XCBuildConfiguration;
			buildSettings = {
				ALWAYS_EMBED_SWIFT_STANDARD_LIBRARIES = YES;
				INFOPLIST_FILE = FlowerCollectorUITests/Info.plist;
				LD_RUNPATH_SEARCH_PATHS = "$(inherited) @executable_path/Frameworks @loader_path/Frameworks";
				PRODUCT_BUNDLE_IDENTIFIER = com.magicmon.FlowerCollectorUITests;
				PRODUCT_NAME = "$(TARGET_NAME)";
				SWIFT_VERSION = 3.0;
				TEST_TARGET_NAME = FlowerCollector;
			};
			name = Debug;
		};
		0F93535D1EC9A2AB009F561F /* Release */ = {
			isa = XCBuildConfiguration;
			buildSettings = {
				ALWAYS_EMBED_SWIFT_STANDARD_LIBRARIES = YES;
				INFOPLIST_FILE = FlowerCollectorUITests/Info.plist;
				LD_RUNPATH_SEARCH_PATHS = "$(inherited) @executable_path/Frameworks @loader_path/Frameworks";
				PRODUCT_BUNDLE_IDENTIFIER = com.magicmon.FlowerCollectorUITests;
				PRODUCT_NAME = "$(TARGET_NAME)";
				SWIFT_VERSION = 3.0;
				TEST_TARGET_NAME = FlowerCollector;
			};
			name = Release;
		};
/* End XCBuildConfiguration section */

/* Begin XCConfigurationList section */
		0F9353281EC9A2AA009F561F /* Build configuration list for PBXProject "FlowerCollector" */ = {
			isa = XCConfigurationList;
			buildConfigurations = (
				0F9353531EC9A2AB009F561F /* Debug */,
				0F9353541EC9A2AB009F561F /* Release */,
			);
			defaultConfigurationIsVisible = 0;
			defaultConfigurationName = Release;
		};
		0F9353551EC9A2AB009F561F /* Build configuration list for PBXNativeTarget "FlowerCollector" */ = {
			isa = XCConfigurationList;
			buildConfigurations = (
				0F9353561EC9A2AB009F561F /* Debug */,
				0F9353571EC9A2AB009F561F /* Release */,
			);
			defaultConfigurationIsVisible = 0;
			defaultConfigurationName = Release;
		};
		0F9353581EC9A2AB009F561F /* Build configuration list for PBXNativeTarget "FlowerCollectorTests" */ = {
			isa = XCConfigurationList;
			buildConfigurations = (
				0F9353591EC9A2AB009F561F /* Debug */,
				0F93535A1EC9A2AB009F561F /* Release */,
			);
			defaultConfigurationIsVisible = 0;
			defaultConfigurationName = Release;
		};
		0F93535B1EC9A2AB009F561F /* Build configuration list for PBXNativeTarget "FlowerCollectorUITests" */ = {
			isa = XCConfigurationList;
			buildConfigurations = (
				0F93535C1EC9A2AB009F561F /* Debug */,
				0F93535D1EC9A2AB009F561F /* Release */,
			);
			defaultConfigurationIsVisible = 0;
			defaultConfigurationName = Release;
		};
/* End XCConfigurationList section */
	};
	rootObject = 0F9353251EC9A2AA009F561F /* Project object */;
}
